
Microsoft Visual Studio Solution File, Format Version 12.00
# Visual Studio Version 17
VisualStudioVersion = 17.7.34221.43
MinimumVisualStudioVersion = 10.0.40219.1
Project("{9A19103F-16F7-4668-BE54-9A1E7A4F7556}") = "CustomerAPP.Server", "CustomerAPP\Server\CustomerAPP.Server.csproj", "{55389CAF-B451-4C80-9D36-F0CF25DCCD70}"
EndProject
Project("{9A19103F-16F7-4668-BE54-9A1E7A4F7556}") = "CustomerAPP.Client", "CustomerAPP\Client\CustomerAPP.Client.csproj", "{5D4B0DA2-AED6-44EB-9FAA-97F977C7B3CB}"
EndProject
Project("{9A19103F-16F7-4668-BE54-9A1E7A4F7556}") = "CustomerAPP.Shared", "CustomerAPP\Shared\CustomerAPP.Shared.csproj", "{7BF09127-E74D-458A-AB36-F0F9AADCD1B0}"
EndProject
Global
	GlobalSection(SolutionConfigurationPlatforms) = preSolution
		Debug|Any CPU = Debug|Any CPU
		Release|Any CPU = Release|Any CPU
	EndGlobalSection
	GlobalSection(ProjectConfigurationPlatforms) = postSolution
		{55389CAF-B451-4C80-9D36-F0CF25DCCD70}.Debug|Any CPU.ActiveCfg = Debug|Any CPU
		{55389CAF-B451-4C80-9D36-F0CF25DCCD70}.Debug|Any CPU.Build.0 = Debug|Any CPU
		{55389CAF-B451-4C80-9D36-F0CF25DCCD70}.Release|Any CPU.ActiveCfg = Release|Any CPU
		{55389CAF-B451-4C80-9D36-F0CF25DCCD70}.Release|Any CPU.Build.0 = Release|Any CPU
		{5D4B0DA2-AED6-44EB-9FAA-97F977C7B3CB}.Debug|Any CPU.ActiveCfg = Debug|Any CPU
		{5D4B0DA2-AED6-44EB-9FAA-97F977C7B3CB}.Debug|Any CPU.Build.0 = Debug|Any CPU
		{5D4B0DA2-AED6-44EB-9FAA-97F977C7B3CB}.Release|Any CPU.ActiveCfg = Release|Any CPU
		{5D4B0DA2-AED6-44EB-9FAA-97F977C7B3CB}.Release|Any CPU.Build.0 = Release|Any CPU
		{7BF09127-E74D-458A-AB36-F0F9AADCD1B0}.Debug|Any CPU.ActiveCfg = Debug|Any CPU
		{7BF09127-E74D-458A-AB36-F0F9AADCD1B0}.Debug|Any CPU.Build.0 = Debug|Any CPU
		{7BF09127-E74D-458A-AB36-F0F9AADCD1B0}.Release|Any CPU.ActiveCfg = Release|Any CPU
		{7BF09127-E74D-458A-AB36-F0F9AADCD1B0}.Release|Any CPU.Build.0 = Release|Any CPU
	EndGlobalSection
	GlobalSection(SolutionProperties) = preSolution
		HideSolutionNode = FALSE
	EndGlobalSection
	GlobalSection(ExtensibilityGlobals) = postSolution
		SolutionGuid = {E78E066E-4D7D-4B12-AB2E-B4579775AE4F}
	EndGlobalSection
EndGlobal
